
Microsoft Visual Studio Solution File, Format Version 12.00
# Visual Studio Version 17
VisualStudioVersion = 17.5.33516.290
MinimumVisualStudioVersion = 10.0.40219.1
Project("{FAE04EC0-301F-11D3-BF4B-00C04F79EFBC}") = "Chrome_Decryptor_cookies", "Chrome_Decryptor_cookies.csproj", "{165EDAA1-912A-444C-83D0-44A2E7C17F67}"
EndProject
Global
	GlobalSection(SolutionConfigurationPlatforms) = preSolution
		Debug|Any CPU = Debug|Any CPU
		Debug|x64 = Debug|x64
		Release|Any CPU = Release|Any CPU
		Release|x64 = Release|x64
	EndGlobalSection
	GlobalSection(ProjectConfigurationPlatforms) = postSolution
		{165EDAA1-912A-444C-83D0-44A2E7C17F67}.Debug|Any CPU.ActiveCfg = Debug|Any CPU
		{165EDAA1-912A-444C-83D0-44A2E7C17F67}.Debug|Any CPU.Build.0 = Debug|Any CPU
		{165EDAA1-912A-444C-83D0-44A2E7C17F67}.Debug|x64.ActiveCfg = Debug|x64
		{165EDAA1-912A-444C-83D0-44A2E7C17F67}.Debug|x64.Build.0 = Debug|x64
		{165EDAA1-912A-444C-83D0-44A2E7C17F67}.Release|Any CPU.ActiveCfg = Release|Any CPU
		{165EDAA1-912A-444C-83D0-44A2E7C17F67}.Release|Any CPU.Build.0 = Release|Any CPU
		{165EDAA1-912A-444C-83D0-44A2E7C17F67}.Release|x64.ActiveCfg = Release|x64
		{165EDAA1-912A-444C-83D0-44A2E7C17F67}.Release|x64.Build.0 = Release|x64
	EndGlobalSection
	GlobalSection(SolutionProperties) = preSolution
		HideSolutionNode = FALSE
	EndGlobalSection
	GlobalSection(ExtensibilityGlobals) = postSolution
		SolutionGuid = {238231CC-B772-464C-8E1B-F3908CC2627D}
	EndGlobalSection
EndGlobal
